
Microsoft Visual Studio Solution File, Format Version 12.00
# Visual Studio Version 17
VisualStudioVersion = 17.1.32210.238
MinimumVisualStudioVersion = 10.0.40219.1
Project("{9A19103F-16F7-4668-BE54-9A1E7A4F7556}") = "TestConsoleApp", "TestConsoleApp\TestConsoleApp.csproj", "{89F3B914-8387-4D1A-A77A-4AA09D48A519}"
EndProject
Project("{9A19103F-16F7-4668-BE54-9A1E7A4F7556}") = "MyUtils", "MyUtils\MyUtils.csproj", "{5991EC89-5019-485B-86D9-8EAB1273309A}"
EndProject
Project("{9A19103F-16F7-4668-BE54-9A1E7A4F7556}") = "MyDbContext", "MyDbContext\MyDbContext.csproj", "{0981AF75-2D65-44DD-87C1-BEF2F38A413B}"
EndProject
Project("{9A19103F-16F7-4668-BE54-9A1E7A4F7556}") = "MyModel", "MyModel\MyModel.csproj", "{5E36CC74-D52C-4AF5-B955-88834E39723F}"
EndProject
Project("{9A19103F-16F7-4668-BE54-9A1E7A4F7556}") = "DbMigrations", "DbMigrations\DbMigrations.csproj", "{7C7B6E0B-1479-4066-8278-4C6671B474F1}"
EndProject
Project("{9A19103F-16F7-4668-BE54-9A1E7A4F7556}") = "Ra2RulesWebApi", "Ra2RulesWebApi\Ra2RulesWebApi.csproj", "{D8725199-52C9-434F-A5EE-E7FDDBA0E163}"
EndProject
Global
	GlobalSection(SolutionConfigurationPlatforms) = preSolution
		Debug|Any CPU = Debug|Any CPU
		Release|Any CPU = Release|Any CPU
	EndGlobalSection
	GlobalSection(ProjectConfigurationPlatforms) = postSolution
		{89F3B914-8387-4D1A-A77A-4AA09D48A519}.Debug|Any CPU.ActiveCfg = Debug|Any CPU
		{89F3B914-8387-4D1A-A77A-4AA09D48A519}.Debug|Any CPU.Build.0 = Debug|Any CPU
		{89F3B914-8387-4D1A-A77A-4AA09D48A519}.Release|Any CPU.ActiveCfg = Release|Any CPU
		{89F3B914-8387-4D1A-A77A-4AA09D48A519}.Release|Any CPU.Build.0 = Release|Any CPU
		{5991EC89-5019-485B-86D9-8EAB1273309A}.Debug|Any CPU.ActiveCfg = Debug|Any CPU
		{5991EC89-5019-485B-86D9-8EAB1273309A}.Debug|Any CPU.Build.0 = Debug|Any CPU
		{5991EC89-5019-485B-86D9-8EAB1273309A}.Release|Any CPU.ActiveCfg = Release|Any CPU
		{5991EC89-5019-485B-86D9-8EAB1273309A}.Release|Any CPU.Build.0 = Release|Any CPU
		{0981AF75-2D65-44DD-87C1-BEF2F38A413B}.Debug|Any CPU.ActiveCfg = Debug|Any CPU
		{0981AF75-2D65-44DD-87C1-BEF2F38A413B}.Debug|Any CPU.Build.0 = Debug|Any CPU
		{0981AF75-2D65-44DD-87C1-BEF2F38A413B}.Release|Any CPU.ActiveCfg = Release|Any CPU
		{0981AF75-2D65-44DD-87C1-BEF2F38A413B}.Release|Any CPU.Build.0 = Release|Any CPU
		{5E36CC74-D52C-4AF5-B955-88834E39723F}.Debug|Any CPU.ActiveCfg = Debug|Any CPU
		{5E36CC74-D52C-4AF5-B955-88834E39723F}.Debug|Any CPU.Build.0 = Debug|Any CPU
		{5E36CC74-D52C-4AF5-B955-88834E39723F}.Release|Any CPU.ActiveCfg = Release|Any CPU
		{5E36CC74-D52C-4AF5-B955-88834E39723F}.Release|Any CPU.Build.0 = Release|Any CPU
		{7C7B6E0B-1479-4066-8278-4C6671B474F1}.Debug|Any CPU.ActiveCfg = Debug|Any CPU
		{7C7B6E0B-1479-4066-8278-4C6671B474F1}.Debug|Any CPU.Build.0 = Debug|Any CPU
		{7C7B6E0B-1479-4066-8278-4C6671B474F1}.Release|Any CPU.ActiveCfg = Release|Any CPU
		{7C7B6E0B-1479-4066-8278-4C6671B474F1}.Release|Any CPU.Build.0 = Release|Any CPU
		{D8725199-52C9-434F-A5EE-E7FDDBA0E163}.Debug|Any CPU.ActiveCfg = Debug|Any CPU
		{D8725199-52C9-434F-A5EE-E7FDDBA0E163}.Debug|Any CPU.Build.0 = Debug|Any CPU
		{D8725199-52C9-434F-A5EE-E7FDDBA0E163}.Release|Any CPU.ActiveCfg = Release|Any CPU
		{D8725199-52C9-434F-A5EE-E7FDDBA0E163}.Release|Any CPU.Build.0 = Release|Any CPU
	EndGlobalSection
	GlobalSection(SolutionProperties) = preSolution
		HideSolutionNode = FALSE
	EndGlobalSection
	GlobalSection(ExtensibilityGlobals) = postSolution
		SolutionGuid = {AF4C21CA-807E-4A34-9B1B-4B89A815ED59}
	EndGlobalSection
EndGlobal
